
Microsoft Visual Studio Solution File, Format Version 12.00
# Visual Studio Version 17
VisualStudioVersion = 17.5.33414.496
MinimumVisualStudioVersion = 10.0.40219.1
Project("{FAE04EC0-301F-11D3-BF4B-00C04F79EFBC}") = "LauncherRamses", "LauncherRamses\LauncherRamses.csproj", "{3A0D2175-87A3-4D08-8EA0-9B5A9A14C349}"
EndProject
Project("{FAE04EC0-301F-11D3-BF4B-00C04F79EFBC}") = "UpdarteLauncherRms", "..\UpdarteLauncherRms\UpdarteLauncherRms\UpdarteLauncherRms.csproj", "{29F63D37-DF69-44BC-AB20-DDA2CDD99DFA}"
EndProject
Global
	GlobalSection(SolutionConfigurationPlatforms) = preSolution
		Debug|Any CPU = Debug|Any CPU
		Release|Any CPU = Release|Any CPU
	EndGlobalSection
	GlobalSection(ProjectConfigurationPlatforms) = postSolution
		{3A0D2175-87A3-4D08-8EA0-9B5A9A14C349}.Debug|Any CPU.ActiveCfg = Debug|Any CPU
		{3A0D2175-87A3-4D08-8EA0-9B5A9A14C349}.Debug|Any CPU.Build.0 = Debug|Any CPU
		{3A0D2175-87A3-4D08-8EA0-9B5A9A14C349}.Release|Any CPU.ActiveCfg = Release|Any CPU
		{3A0D2175-87A3-4D08-8EA0-9B5A9A14C349}.Release|Any CPU.Build.0 = Release|Any CPU
		{29F63D37-DF69-44BC-AB20-DDA2CDD99DFA}.Debug|Any CPU.ActiveCfg = Debug|Any CPU
		{29F63D37-DF69-44BC-AB20-DDA2CDD99DFA}.Debug|Any CPU.Build.0 = Debug|Any CPU
		{29F63D37-DF69-44BC-AB20-DDA2CDD99DFA}.Release|Any CPU.ActiveCfg = Release|Any CPU
		{29F63D37-DF69-44BC-AB20-DDA2CDD99DFA}.Release|Any CPU.Build.0 = Release|Any CPU
	EndGlobalSection
	GlobalSection(SolutionProperties) = preSolution
		HideSolutionNode = FALSE
	EndGlobalSection
	GlobalSection(ExtensibilityGlobals) = postSolution
		SolutionGuid = {8D724730-654E-4617-BC3A-CC159D06925A}
	EndGlobalSection
EndGlobal
